
Microsoft Visual Studio Solution File, Format Version 12.00
# Visual Studio Version 16
VisualStudioVersion = 16.0.30225.117
MinimumVisualStudioVersion = 10.0.40219.1
Project("{9A19103F-16F7-4668-BE54-9A1E7A4F7556}") = "TestCommon", "TestCommon\TestCommon.csproj", "{2CF8C0B6-0D58-489F-97A8-5489D7BE4F2A}"
EndProject
Project("{9A19103F-16F7-4668-BE54-9A1E7A4F7556}") = "TestFivePlatform", "TestFivePlatform\TestFivePlatform.csproj", "{7B309D50-F4A3-4B0F-9D3D-048CB0864E94}"
EndProject
Project("{9A19103F-16F7-4668-BE54-9A1E7A4F7556}") = "TestExpressions", "TestExpressions\TestExpressions.csproj", "{1ACF95A6-B02C-40CA-B6B8-470947DA3F6C}"
EndProject
Project("{9A19103F-16F7-4668-BE54-9A1E7A4F7556}") = "TestLogging", "TestLogging\TestLogging.csproj", "{1AB2BD9E-F696-4BC8-8252-1364FD4FA031}"
EndProject
Project("{9A19103F-16F7-4668-BE54-9A1E7A4F7556}") = "TestDistributedCache", "TestDistributedCache\TestDistributedCache.csproj", "{7C9D4D6E-9D58-4AB5-8D0E-2A9735B71FFA}"
EndProject
Project("{9A19103F-16F7-4668-BE54-9A1E7A4F7556}") = "TestBenchmarkDistributedCache", "TestBenchmarkDistributedCache\TestBenchmarkDistributedCache.csproj", "{10D4C4DB-40D8-4F2C-9C3B-010ECEA0E3ED}"
EndProject
Project("{9A19103F-16F7-4668-BE54-9A1E7A4F7556}") = "TestExitCode", "TestExitCode\TestExitCode.csproj", "{A891CF96-E592-4F6C-9C57-353E549E07C2}"
EndProject
Project("{9A19103F-16F7-4668-BE54-9A1E7A4F7556}") = "TestWebApp", "TestWebApp\TestWebApp.csproj", "{507BD5C0-2FFC-4143-96F2-D7310AEB4DA6}"
EndProject
Project("{9A19103F-16F7-4668-BE54-9A1E7A4F7556}") = "TestIdentity", "..\TestIdentity\TestIdentity.csproj", "{B6FD9741-99CE-43CB-A2AB-10C0F5065375}"
EndProject
Project("{9A19103F-16F7-4668-BE54-9A1E7A4F7556}") = "TestWorker", "TestWorker\TestWorker.csproj", "{08ABECF4-8D3A-4046-9785-3196023664A0}"
EndProject
Project("{9A19103F-16F7-4668-BE54-9A1E7A4F7556}") = "TestMiddleware", "TestMiddleware\TestMiddleware.csproj", "{AF726336-17AC-4843-8024-914129B420DC}"
EndProject
Project("{2150E333-8FDC-42A3-9474-1A3956D46DE8}") = "Orleans", "Orleans", "{5468E64F-33F0-4A79-865E-407F5FD01755}"
EndProject
Project("{9A19103F-16F7-4668-BE54-9A1E7A4F7556}") = "TestGrains", "TestGrains\TestGrains.csproj", "{449068F0-108E-43BA-908F-5462BB2A5248}"
EndProject
Project("{9A19103F-16F7-4668-BE54-9A1E7A4F7556}") = "TestGrainInterfaces", "TestGrainInterfaces\TestGrainInterfaces.csproj", "{3BCC303D-DB5A-4CB9-B025-344E0ACC7797}"
EndProject
Project("{9A19103F-16F7-4668-BE54-9A1E7A4F7556}") = "TestSilo", "TestSilo\TestSilo.csproj", "{1B858782-2BE8-48EA-9C79-599F517D6F92}"
EndProject
Project("{9A19103F-16F7-4668-BE54-9A1E7A4F7556}") = "TestClient", "TestClient\TestClient.csproj", "{E790C6C3-9331-422F-9F77-E44247D81B6D}"
EndProject
Project("{9A19103F-16F7-4668-BE54-9A1E7A4F7556}") = "TestWebSilo", "TestWebSilo\TestWebSilo.csproj", "{FB45D8DB-27ED-4C24-8AE8-A63E826FEA3A}"
EndProject
Project("{2150E333-8FDC-42A3-9474-1A3956D46DE8}") = "grpc", "grpc", "{B9549EBC-1C7B-469D-B19C-1EA6318BE56C}"
EndProject
Project("{9A19103F-16F7-4668-BE54-9A1E7A4F7556}") = "GrpcTest", "GrpcTest\GrpcTest.csproj", "{C2860DDA-282C-4928-89D7-CBCA40F9CB18}"
EndProject
Project("{9A19103F-16F7-4668-BE54-9A1E7A4F7556}") = "TestGrpcClient", "TestGrpcClient\TestGrpcClient.csproj", "{39173E3D-391F-4AF9-99BE-768E4723DD94}"
EndProject
Project("{2150E333-8FDC-42A3-9474-1A3956D46DE8}") = "Eval", "Eval", "{D3D10D74-E368-45FF-AF79-45EA63F1ED5D}"
EndProject
Project("{FAE04EC0-301F-11D3-BF4B-00C04F79EFBC}") = "TestEval", "TestEval\TestEval.csproj", "{251396BE-2CD4-4F10-A0FB-36F238113465}"
EndProject
Global
	GlobalSection(SolutionConfigurationPlatforms) = preSolution
		Debug|Any CPU = Debug|Any CPU
		Release|Any CPU = Release|Any CPU
	EndGlobalSection
	GlobalSection(ProjectConfigurationPlatforms) = postSolution
		{2CF8C0B6-0D58-489F-97A8-5489D7BE4F2A}.Debug|Any CPU.ActiveCfg = Debug|Any CPU
		{2CF8C0B6-0D58-489F-97A8-5489D7BE4F2A}.Debug|Any CPU.Build.0 = Debug|Any CPU
		{2CF8C0B6-0D58-489F-97A8-5489D7BE4F2A}.Release|Any CPU.ActiveCfg = Release|Any CPU
		{2CF8C0B6-0D58-489F-97A8-5489D7BE4F2A}.Release|Any CPU.Build.0 = Release|Any CPU
		{7B309D50-F4A3-4B0F-9D3D-048CB0864E94}.Debug|Any CPU.ActiveCfg = Debug|Any CPU
		{7B309D50-F4A3-4B0F-9D3D-048CB0864E94}.Debug|Any CPU.Build.0 = Debug|Any CPU
		{7B309D50-F4A3-4B0F-9D3D-048CB0864E94}.Release|Any CPU.ActiveCfg = Release|Any CPU
		{7B309D50-F4A3-4B0F-9D3D-048CB0864E94}.Release|Any CPU.Build.0 = Release|Any CPU
		{1ACF95A6-B02C-40CA-B6B8-470947DA3F6C}.Debug|Any CPU.ActiveCfg = Debug|Any CPU
		{1ACF95A6-B02C-40CA-B6B8-470947DA3F6C}.Debug|Any CPU.Build.0 = Debug|Any CPU
		{1ACF95A6-B02C-40CA-B6B8-470947DA3F6C}.Release|Any CPU.ActiveCfg = Release|Any CPU
		{1ACF95A6-B02C-40CA-B6B8-470947DA3F6C}.Release|Any CPU.Build.0 = Release|Any CPU
		{1AB2BD9E-F696-4BC8-8252-1364FD4FA031}.Debug|Any CPU.ActiveCfg = Debug|Any CPU
		{1AB2BD9E-F696-4BC8-8252-1364FD4FA031}.Debug|Any CPU.Build.0 = Debug|Any CPU
		{1AB2BD9E-F696-4BC8-8252-1364FD4FA031}.Release|Any CPU.ActiveCfg = Release|Any CPU
		{1AB2BD9E-F696-4BC8-8252-1364FD4FA031}.Release|Any CPU.Build.0 = Release|Any CPU
		{7C9D4D6E-9D58-4AB5-8D0E-2A9735B71FFA}.Debug|Any CPU.ActiveCfg = Debug|Any CPU
		{7C9D4D6E-9D58-4AB5-8D0E-2A9735B71FFA}.Debug|Any CPU.Build.0 = Debug|Any CPU
		{7C9D4D6E-9D58-4AB5-8D0E-2A9735B71FFA}.Release|Any CPU.ActiveCfg = Release|Any CPU
		{7C9D4D6E-9D58-4AB5-8D0E-2A9735B71FFA}.Release|Any CPU.Build.0 = Release|Any CPU
		{10D4C4DB-40D8-4F2C-9C3B-010ECEA0E3ED}.Debug|Any CPU.ActiveCfg = Debug|Any CPU
		{10D4C4DB-40D8-4F2C-9C3B-010ECEA0E3ED}.Debug|Any CPU.Build.0 = Debug|Any CPU
		{10D4C4DB-40D8-4F2C-9C3B-010ECEA0E3ED}.Release|Any CPU.ActiveCfg = Release|Any CPU
		{10D4C4DB-40D8-4F2C-9C3B-010ECEA0E3ED}.Release|Any CPU.Build.0 = Release|Any CPU
		{A891CF96-E592-4F6C-9C57-353E549E07C2}.Debug|Any CPU.ActiveCfg = Debug|Any CPU
		{A891CF96-E592-4F6C-9C57-353E549E07C2}.Debug|Any CPU.Build.0 = Debug|Any CPU
		{A891CF96-E592-4F6C-9C57-353E549E07C2}.Release|Any CPU.ActiveCfg = Release|Any CPU
		{A891CF96-E592-4F6C-9C57-353E549E07C2}.Release|Any CPU.Build.0 = Release|Any CPU
		{507BD5C0-2FFC-4143-96F2-D7310AEB4DA6}.Debug|Any CPU.ActiveCfg = Debug|Any CPU
		{507BD5C0-2FFC-4143-96F2-D7310AEB4DA6}.Debug|Any CPU.Build.0 = Debug|Any CPU
		{507BD5C0-2FFC-4143-96F2-D7310AEB4DA6}.Release|Any CPU.ActiveCfg = Release|Any CPU
		{507BD5C0-2FFC-4143-96F2-D7310AEB4DA6}.Release|Any CPU.Build.0 = Release|Any CPU
		{B6FD9741-99CE-43CB-A2AB-10C0F5065375}.Debug|Any CPU.ActiveCfg = Debug|Any CPU
		{B6FD9741-99CE-43CB-A2AB-10C0F5065375}.Debug|Any CPU.Build.0 = Debug|Any CPU
		{B6FD9741-99CE-43CB-A2AB-10C0F5065375}.Release|Any CPU.ActiveCfg = Release|Any CPU
		{B6FD9741-99CE-43CB-A2AB-10C0F5065375}.Release|Any CPU.Build.0 = Release|Any CPU
		{08ABECF4-8D3A-4046-9785-3196023664A0}.Debug|Any CPU.ActiveCfg = Debug|Any CPU
		{08ABECF4-8D3A-4046-9785-3196023664A0}.Debug|Any CPU.Build.0 = Debug|Any CPU
		{08ABECF4-8D3A-4046-9785-3196023664A0}.Release|Any CPU.ActiveCfg = Release|Any CPU
		{08ABECF4-8D3A-4046-9785-3196023664A0}.Release|Any CPU.Build.0 = Release|Any CPU
		{AF726336-17AC-4843-8024-914129B420DC}.Debug|Any CPU.ActiveCfg = Debug|Any CPU
		{AF726336-17AC-4843-8024-914129B420DC}.Debug|Any CPU.Build.0 = Debug|Any CPU
		{AF726336-17AC-4843-8024-914129B420DC}.Release|Any CPU.ActiveCfg = Release|Any CPU
		{AF726336-17AC-4843-8024-914129B420DC}.Release|Any CPU.Build.0 = Release|Any CPU
		{449068F0-108E-43BA-908F-5462BB2A5248}.Debug|Any CPU.ActiveCfg = Debug|Any CPU
		{449068F0-108E-43BA-908F-5462BB2A5248}.Debug|Any CPU.Build.0 = Debug|Any CPU
		{449068F0-108E-43BA-908F-5462BB2A5248}.Release|Any CPU.ActiveCfg = Release|Any CPU
		{449068F0-108E-43BA-908F-5462BB2A5248}.Release|Any CPU.Build.0 = Release|Any CPU
		{3BCC303D-DB5A-4CB9-B025-344E0ACC7797}.Debug|Any CPU.ActiveCfg = Debug|Any CPU
		{3BCC303D-DB5A-4CB9-B025-344E0ACC7797}.Debug|Any CPU.Build.0 = Debug|Any CPU
		{3BCC303D-DB5A-4CB9-B025-344E0ACC7797}.Release|Any CPU.ActiveCfg = Release|Any CPU
		{3BCC303D-DB5A-4CB9-B025-344E0ACC7797}.Release|Any CPU.Build.0 = Release|Any CPU
		{1B858782-2BE8-48EA-9C79-599F517D6F92}.Debug|Any CPU.ActiveCfg = Debug|Any CPU
		{1B858782-2BE8-48EA-9C79-599F517D6F92}.Debug|Any CPU.Build.0 = Debug|Any CPU
		{1B858782-2BE8-48EA-9C79-599F517D6F92}.Release|Any CPU.ActiveCfg = Release|Any CPU
		{1B858782-2BE8-48EA-9C79-599F517D6F92}.Release|Any CPU.Build.0 = Release|Any CPU
		{E790C6C3-9331-422F-9F77-E44247D81B6D}.Debug|Any CPU.ActiveCfg = Debug|Any CPU
		{E790C6C3-9331-422F-9F77-E44247D81B6D}.Debug|Any CPU.Build.0 = Debug|Any CPU
		{E790C6C3-9331-422F-9F77-E44247D81B6D}.Release|Any CPU.ActiveCfg = Release|Any CPU
		{E790C6C3-9331-422F-9F77-E44247D81B6D}.Release|Any CPU.Build.0 = Release|Any CPU
		{FB45D8DB-27ED-4C24-8AE8-A63E826FEA3A}.Debug|Any CPU.ActiveCfg = Debug|Any CPU
		{FB45D8DB-27ED-4C24-8AE8-A63E826FEA3A}.Debug|Any CPU.Build.0 = Debug|Any CPU
		{FB45D8DB-27ED-4C24-8AE8-A63E826FEA3A}.Release|Any CPU.ActiveCfg = Release|Any CPU
		{FB45D8DB-27ED-4C24-8AE8-A63E826FEA3A}.Release|Any CPU.Build.0 = Release|Any CPU
		{C2860DDA-282C-4928-89D7-CBCA40F9CB18}.Debug|Any CPU.ActiveCfg = Debug|Any CPU
		{C2860DDA-282C-4928-89D7-CBCA40F9CB18}.Debug|Any CPU.Build.0 = Debug|Any CPU
		{C2860DDA-282C-4928-89D7-CBCA40F9CB18}.Release|Any CPU.ActiveCfg = Release|Any CPU
		{C2860DDA-282C-4928-89D7-CBCA40F9CB18}.Release|Any CPU.Build.0 = Release|Any CPU
		{39173E3D-391F-4AF9-99BE-768E4723DD94}.Debug|Any CPU.ActiveCfg = Debug|Any CPU
		{39173E3D-391F-4AF9-99BE-768E4723DD94}.Debug|Any CPU.Build.0 = Debug|Any CPU
		{39173E3D-391F-4AF9-99BE-768E4723DD94}.Release|Any CPU.ActiveCfg = Release|Any CPU
		{39173E3D-391F-4AF9-99BE-768E4723DD94}.Release|Any CPU.Build.0 = Release|Any CPU
		{251396BE-2CD4-4F10-A0FB-36F238113465}.Debug|Any CPU.ActiveCfg = Debug|Any CPU
		{251396BE-2CD4-4F10-A0FB-36F238113465}.Debug|Any CPU.Build.0 = Debug|Any CPU
		{251396BE-2CD4-4F10-A0FB-36F238113465}.Release|Any CPU.ActiveCfg = Release|Any CPU
		{251396BE-2CD4-4F10-A0FB-36F238113465}.Release|Any CPU.Build.0 = Release|Any CPU
	EndGlobalSection
	GlobalSection(SolutionProperties) = preSolution
		HideSolutionNode = FALSE
	EndGlobalSection
	GlobalSection(NestedProjects) = preSolution
		{449068F0-108E-43BA-908F-5462BB2A5248} = {5468E64F-33F0-4A79-865E-407F5FD01755}
		{3BCC303D-DB5A-4CB9-B025-344E0ACC7797} = {5468E64F-33F0-4A79-865E-407F5FD01755}
		{1B858782-2BE8-48EA-9C79-599F517D6F92} = {5468E64F-33F0-4A79-865E-407F5FD01755}
		{E790C6C3-9331-422F-9F77-E44247D81B6D} = {5468E64F-33F0-4A79-865E-407F5FD01755}
		{FB45D8DB-27ED-4C24-8AE8-A63E826FEA3A} = {5468E64F-33F0-4A79-865E-407F5FD01755}
		{C2860DDA-282C-4928-89D7-CBCA40F9CB18} = {B9549EBC-1C7B-469D-B19C-1EA6318BE56C}
		{39173E3D-391F-4AF9-99BE-768E4723DD94} = {B9549EBC-1C7B-469D-B19C-1EA6318BE56C}
		{251396BE-2CD4-4F10-A0FB-36F238113465} = {D3D10D74-E368-45FF-AF79-45EA63F1ED5D}
	EndGlobalSection
	GlobalSection(ExtensibilityGlobals) = postSolution
		SolutionGuid = {1E357948-C43F-4378-8897-B1C688FE2622}
	EndGlobalSection
EndGlobal
